#MicroXplorer Configuration settings - do not modify
Mcu.Family=STM32F0
ProjectManager.MainLocation=Core/Src
PA2.GPIO_PuPd=GPIO_NOPULL
RCC.MCOFreq_Value=48000000
PB13.GPIOParameters=GPIO_Label
RCC.USART1Freq_Value=48000000
TIM17.Prescaler=47
USART2.IPParameters=VirtualMode-Asynchronous
VP_TIM17_VS_ClockSourceINT.Mode=Enable_Timer
ProjectManager.KeepUserCode=true
Mcu.UserName=STM32F030R8Tx
SPI1.VirtualType=VM_MASTER
RCC.PLLCLKFreq_Value=48000000
PB14.GPIO_Label=DISPLAY_D6
PA14.GPIO_Label=TCK
PA3.GPIO_PuPd=GPIO_NOPULL
ProjectManager.functionlistsort=1-MX_GPIO_Init-GPIO-false-HAL-true,2-SystemClock_Config-RCC-false-HAL-false,3-MX_USART2_UART_Init-USART2-false-HAL-true,4-MX_I2C1_Init-I2C1-false-HAL-true,5-MX_ADC_Init-ADC-false-LL-true,6-MX_TIM17_Init-TIM17-false-LL-true,7-MX_SPI1_Init-SPI1-false-HAL-true
PA2.GPIO_Speed=GPIO_SPEED_FREQ_LOW
PA3.GPIOParameters=GPIO_Speed,GPIO_PuPd,GPIO_Label,GPIO_Mode
NVIC.SVC_IRQn=true\:0\:0\:false\:false\:true\:false\:false
PC13.GPIO_Label=B1 [Blue PushButton]
PB13.GPIO_Label=DISPLAY_D5
PB11.Signal=GPIO_Output
PA3.GPIO_Speed=GPIO_SPEED_FREQ_LOW
PB13.Signal=GPIO_Output
PB15.Signal=GPIO_Output
PA2.GPIOParameters=GPIO_Speed,GPIO_PuPd,GPIO_Label,GPIO_Mode
PinOutPanel.RotationAngle=0
RCC.SYSCLKSource=RCC_SYSCLKSOURCE_PLLCLK
ProjectManager.StackSize=0x400
PB5.GPIOParameters=GPIO_Label
SH.GPXTI13.0=GPIO_EXTI13
Mcu.IP4=SPI1
RCC.FCLKCortexFreq_Value=48000000
Mcu.IP5=SYS
Mcu.IP2=NVIC
Mcu.IP3=RCC
TIM17.AutoReloadPreload=TIM_AUTORELOAD_PRELOAD_DISABLE
Mcu.IP0=ADC
Mcu.IP1=I2C1
Mcu.UserConstants=
SH.GPXTI13.ConfNb=1
Mcu.ThirdPartyNb=0
SPI1.Direction=SPI_DIRECTION_2LINES
RCC.HCLKFreq_Value=48000000
Mcu.IPNb=8
ProjectManager.PreviousToolchain=
PB6.Signal=I2C1_SCL
PB6.Mode=I2C
SPI1.CalculateBaudRate=6.0 MBits/s
Mcu.Pin6=PA2
TIM17.IPParameters=Channel,Prescaler,Period,AutoReloadPreload
Mcu.Pin7=PA3
Mcu.Pin8=PA5
Mcu.Pin9=PA7
RCC.AHBFreq_Value=48000000
PB13.Locked=true
Mcu.Pin0=PC13
Mcu.Pin1=PC14-OSC32_IN
GPIO.groupedBy=Group By Peripherals
Mcu.Pin2=PC15-OSC32_OUT
Mcu.Pin3=PF0-OSC_IN
Mcu.Pin4=PF1-OSC_OUT
Mcu.Pin5=PA0
ProjectManager.ProjectBuild=false
PB3.Mode=Full_Duplex_Master
TIM17.Channel=TIM_CHANNEL_1
USART2.VirtualMode-Asynchronous=VM_ASYNC
NVIC.SysTick_IRQn=true\:0\:0\:true\:false\:true\:true\:true
RCC.PLLMUL=RCC_PLL_MUL12
PB12.GPIO_Label=DISPLAY_D4
TIM17.Period=65535
ProjectManager.FirmwarePackage=STM32Cube FW_F0 V1.11.3
MxDb.Version=DB.6.0.21
PB4.Mode=Full_Duplex_Master
ProjectManager.BackupPrevious=false
PC14-OSC32_IN.Mode=LSE-External-Oscillator
PF0-OSC_IN.Locked=true
PA14.Mode=Serial_Wire
PA5.GPIO_PuPd=GPIO_NOPULL
SPI1.DataSize=SPI_DATASIZE_16BIT
File.Version=6
PA0.Mode=IN0
PB7.Signal=I2C1_SDA
NVIC.PendSV_IRQn=true\:0\:0\:false\:false\:true\:false\:false
ProjectManager.HalAssertFull=false
ProjectManager.ProjectName=temperature_display
PA0.Signal=ADC_IN0
PA13.GPIOParameters=GPIO_Label
RCC.PLLMCOFreq_Value=24000000
Mcu.Package=LQFP64
PA5.Locked=true
PA14.Locked=true
ProjectManager.ToolChainLocation=
PA2.GPIO_Label=USART_TX
VP_SYS_VS_Systick.Signal=SYS_VS_Systick
PA5.GPIOParameters=GPIO_Speed,GPIO_PuPd,GPIO_Label,GPIO_Mode
PB14.GPIOParameters=GPIO_Label
PB5.GPIO_Label=THERMOCOUPLE_SS
RCC.APB1TimFreq_Value=48000000
PB10.GPIOParameters=GPIO_Label
SPI1.BaudRatePrescaler=SPI_BAUDRATEPRESCALER_8
ProjectManager.CustomerFirmwarePackage=
PC14-OSC32_IN.Locked=true
PF1-OSC_OUT.Signal=RCC_OSC_OUT
PB15.Locked=true
PB4.Signal=SPI1_MISO
PA3.Signal=USART2_RX
PA2.GPIO_Mode=GPIO_MODE_AF_PP
PA2.Locked=true
PC15-OSC32_OUT.Mode=LSE-External-Oscillator
ProjectManager.ProjectFileName=temperature_display.ioc
PA7.Mode=Full_Duplex_Master
Mcu.PinsNb=26
ProjectManager.NoMain=false
SPI1.IPParameters=VirtualType,Mode,Direction,CalculateBaudRate,DataSize,BaudRatePrescaler
PC13.Locked=true
PC13.Signal=GPXTI13
PB11.GPIO_Label=DISPLAY_EN
ProjectManager.DefaultFWLocation=true
PB12.Locked=true
ProjectManager.DeletePrevious=true
PF1-OSC_OUT.Locked=true
PB14.Locked=true
PB10.Locked=true
PC14-OSC32_IN.Signal=RCC_OSC32_IN
boardIOC=true
VP_TIM17_VS_ClockSourceINT.Signal=TIM17_VS_ClockSourceINT
RCC.FamilyName=M
PA13.Signal=SYS_SWDIO
PA3.Mode=Asynchronous
PC15-OSC32_OUT.Locked=true
ProjectManager.TargetToolchain=STM32CubeIDE
PB10.GPIO_Label=DISPLAY_RS
PA3.GPIO_Mode=GPIO_MODE_AF_PP
PB11.GPIOParameters=GPIO_Label
PB5.Locked=true
VP_TIM17_VS_no_output1.Signal=TIM17_VS_no_output1
ProjectManager.RegisterCallBack=
PC15-OSC32_OUT.Signal=RCC_OSC32_OUT
PF0-OSC_IN.Mode=HSE-External-Clock-Source
PB10.Signal=GPIO_Output
PB14.Signal=GPIO_Output
PA5.Signal=GPIO_Output
board=NUCLEO-F030R8
ProjectManager.LastFirmware=true
MxCube.Version=6.2.1
PB15.GPIO_Label=DISPLAY_D7
SPI1.Mode=SPI_MODE_MASTER
PC13.GPIOParameters=GPIO_Label,GPIO_ModeDefaultEXTI
VP_SYS_VS_Systick.Mode=SysTick
NVIC.NonMaskableInt_IRQn=true\:0\:0\:false\:false\:true\:false\:false
PB15.GPIOParameters=GPIO_Label
PA13.Mode=Serial_Wire
ProjectManager.FreePins=false
RCC.IPParameters=AHBFreq_Value,APB1Freq_Value,APB1TimFreq_Value,FCLKCortexFreq_Value,FamilyName,HCLKFreq_Value,MCOFreq_Value,PLLCLKFreq_Value,PLLMCOFreq_Value,PLLMUL,SYSCLKFreq_VALUE,SYSCLKSource,TimSysFreq_Value,USART1Freq_Value
ProjectManager.AskForMigrate=true
Mcu.Name=STM32F030R8Tx
Mcu.Pin24=VP_TIM17_VS_ClockSourceINT
PA13.GPIO_Label=TMS
PA2.Signal=USART2_TX
ProjectManager.UnderRoot=true
Mcu.Pin25=VP_TIM17_VS_no_output1
Mcu.IP6=TIM17
Mcu.IP7=USART2
ProjectManager.CoupleFile=false
PB4.Locked=true
PB3.Signal=SPI1_SCK
RCC.SYSCLKFreq_VALUE=48000000
PB5.Signal=GPIO_Output
Mcu.Pin22=PB7
Mcu.Pin23=VP_SYS_VS_Systick
RCC.TimSysFreq_Value=48000000
Mcu.Pin20=PB5
PA3.Locked=true
Mcu.Pin21=PB6
PA5.GPIO_Label=LD2 [Green Led]
NVIC.ForceEnableDMAVector=true
KeepUserPlacement=false
PC13.GPIO_ModeDefaultEXTI=GPIO_MODE_IT_FALLING
PA14.GPIOParameters=GPIO_Label
VP_TIM17_VS_no_output1.Mode=Output Compare1 No Output
PA13.Locked=true
ProjectManager.CompilerOptimize=6
PB7.Mode=I2C
PA14.Signal=SYS_SWCLK
ProjectManager.HeapSize=0x200
Mcu.Pin15=PB15
NVIC.HardFault_IRQn=true\:0\:0\:false\:false\:true\:false\:false
Mcu.Pin16=PA13
Mcu.Pin13=PB13
Mcu.Pin14=PB14
Mcu.Pin19=PB4
ProjectManager.ComputerToolchain=false
Mcu.Pin17=PA14
Mcu.Pin18=PB3
PA5.GPIO_Speed=GPIO_SPEED_FREQ_LOW
Mcu.Pin11=PB11
Mcu.Pin12=PB12
Mcu.Pin10=PB10
PA2.Mode=Asynchronous
PF0-OSC_IN.Signal=RCC_OSC_IN
RCC.APB1Freq_Value=48000000
PA5.GPIO_Mode=GPIO_MODE_OUTPUT_PP
PB11.Locked=true
ProjectManager.DeviceId=STM32F030R8Tx
PB12.GPIOParameters=GPIO_Label
PB12.Signal=GPIO_Output
ProjectManager.LibraryCopy=1
PA3.GPIO_Label=USART_RX
PA7.Signal=SPI1_MOSI
isbadioc=false
